
Microsoft Visual Studio Solution File, Format Version 12.00
# Visual Studio Version 16
VisualStudioVersion = 16.0.31205.134
MinimumVisualStudioVersion = 10.0.40219.1
Project("{9A19103F-16F7-4668-BE54-9A1E7A4F7556}") = "Nested_Namespace", "Nested_Namespace.csproj", "{2F40B3D8-4445-4DC2-AFF6-3C3360712F88}"
EndProject
Global
	GlobalSection(SolutionConfigurationPlatforms) = preSolution
		Debug|Any CPU = Debug|Any CPU
		Release|Any CPU = Release|Any CPU
	EndGlobalSection
	GlobalSection(ProjectConfigurationPlatforms) = postSolution
		{2F40B3D8-4445-4DC2-AFF6-3C3360712F88}.Debug|Any CPU.ActiveCfg = Debug|Any CPU
		{2F40B3D8-4445-4DC2-AFF6-3C3360712F88}.Debug|Any CPU.Build.0 = Debug|Any CPU
		{2F40B3D8-4445-4DC2-AFF6-3C3360712F88}.Release|Any CPU.ActiveCfg = Release|Any CPU
		{2F40B3D8-4445-4DC2-AFF6-3C3360712F88}.Release|Any CPU.Build.0 = Release|Any CPU
	EndGlobalSection
	GlobalSection(SolutionProperties) = preSolution
		HideSolutionNode = FALSE
	EndGlobalSection
	GlobalSection(ExtensibilityGlobals) = postSolution
		SolutionGuid = {F2CD6C21-B907-4A80-9621-7AD4D3655332}
	EndGlobalSection
EndGlobal
